
Microsoft Visual Studio Solution File, Format Version 12.00
# Visual Studio Version 16
VisualStudioVersion = 16.0.29009.5
MinimumVisualStudioVersion = 10.0.40219.1
Project("{FAE04EC0-301F-11D3-BF4B-00C04F79EFBC}") = "Binarysearch", "Binarysearch\Binarysearch.csproj", "{EF6F1F6D-12C1-4361-A006-0D4273814805}"
EndProject
Global
	GlobalSection(SolutionConfigurationPlatforms) = preSolution
		Debug|Any CPU = Debug|Any CPU
		Release|Any CPU = Release|Any CPU
	EndGlobalSection
	GlobalSection(ProjectConfigurationPlatforms) = postSolution
		{EF6F1F6D-12C1-4361-A006-0D4273814805}.Debug|Any CPU.ActiveCfg = Debug|Any CPU
		{EF6F1F6D-12C1-4361-A006-0D4273814805}.Debug|Any CPU.Build.0 = Debug|Any CPU
		{EF6F1F6D-12C1-4361-A006-0D4273814805}.Release|Any CPU.ActiveCfg = Release|Any CPU
		{EF6F1F6D-12C1-4361-A006-0D4273814805}.Release|Any CPU.Build.0 = Release|Any CPU
	EndGlobalSection
	GlobalSection(SolutionProperties) = preSolution
		HideSolutionNode = FALSE
	EndGlobalSection
	GlobalSection(ExtensibilityGlobals) = postSolution
		SolutionGuid = {E84D7C76-09C7-4619-9564-7FCD7F1C2556}
	EndGlobalSection
EndGlobal
